
Microsoft Visual Studio Solution File, Format Version 12.00
# Visual Studio 15
VisualStudioVersion = 15.0.28307.1082
MinimumVisualStudioVersion = 10.0.40219.1
Project("{8BC9CEB8-8B4A-11D0-8D11-00A0C91BC942}") = "tileloader", "tileloader\tileloader.vcxproj", "{11937583-A219-4C7F-880C-3E01F882CBEF}"
EndProject
Project("{8BC9CEB8-8B4A-11D0-8D11-00A0C91BC942}") = "tile", "tile\tile.vcxproj", "{89464E76-90A4-4385-9AF7-16DC74B7F4DE}"
EndProject
Project("{8BC9CEB8-8B4A-11D0-8D11-00A0C91BC942}") = "quantizemesh", "quantizemesh\quantizemesh.vcxproj", "{A10AB50A-5CB2-44E6-9285-30B36634AD85}"
EndProject
Project("{8BC9CEB8-8B4A-11D0-8D11-00A0C91BC942}") = "arcgis", "arcgis\arcgis.vcxproj", "{1937A4CB-57A6-4AE7-9D6B-73E59E8E27BE}"
EndProject
Global
	GlobalSection(SolutionConfigurationPlatforms) = preSolution
		Debug|x64 = Debug|x64
		Debug|x86 = Debug|x86
		Release|x64 = Release|x64
		Release|x86 = Release|x86
	EndGlobalSection
	GlobalSection(ProjectConfigurationPlatforms) = postSolution
		{11937583-A219-4C7F-880C-3E01F882CBEF}.Debug|x64.ActiveCfg = Debug|x64
		{11937583-A219-4C7F-880C-3E01F882CBEF}.Debug|x64.Build.0 = Debug|x64
		{11937583-A219-4C7F-880C-3E01F882CBEF}.Debug|x86.ActiveCfg = Debug|Win32
		{11937583-A219-4C7F-880C-3E01F882CBEF}.Debug|x86.Build.0 = Debug|Win32
		{11937583-A219-4C7F-880C-3E01F882CBEF}.Release|x64.ActiveCfg = Release|x64
		{11937583-A219-4C7F-880C-3E01F882CBEF}.Release|x64.Build.0 = Release|x64
		{11937583-A219-4C7F-880C-3E01F882CBEF}.Release|x86.ActiveCfg = Release|Win32
		{11937583-A219-4C7F-880C-3E01F882CBEF}.Release|x86.Build.0 = Release|Win32
		{89464E76-90A4-4385-9AF7-16DC74B7F4DE}.Debug|x64.ActiveCfg = Debug|x64
		{89464E76-90A4-4385-9AF7-16DC74B7F4DE}.Debug|x64.Build.0 = Debug|x64
		{89464E76-90A4-4385-9AF7-16DC74B7F4DE}.Debug|x86.ActiveCfg = Debug|Win32
		{89464E76-90A4-4385-9AF7-16DC74B7F4DE}.Debug|x86.Build.0 = Debug|Win32
		{89464E76-90A4-4385-9AF7-16DC74B7F4DE}.Release|x64.ActiveCfg = Release|x64
		{89464E76-90A4-4385-9AF7-16DC74B7F4DE}.Release|x64.Build.0 = Release|x64
		{89464E76-90A4-4385-9AF7-16DC74B7F4DE}.Release|x86.ActiveCfg = Release|Win32
		{89464E76-90A4-4385-9AF7-16DC74B7F4DE}.Release|x86.Build.0 = Release|Win32
		{A10AB50A-5CB2-44E6-9285-30B36634AD85}.Debug|x64.ActiveCfg = Debug|x64
		{A10AB50A-5CB2-44E6-9285-30B36634AD85}.Debug|x64.Build.0 = Debug|x64
		{A10AB50A-5CB2-44E6-9285-30B36634AD85}.Debug|x86.ActiveCfg = Debug|Win32
		{A10AB50A-5CB2-44E6-9285-30B36634AD85}.Debug|x86.Build.0 = Debug|Win32
		{A10AB50A-5CB2-44E6-9285-30B36634AD85}.Release|x64.ActiveCfg = Release|x64
		{A10AB50A-5CB2-44E6-9285-30B36634AD85}.Release|x64.Build.0 = Release|x64
		{A10AB50A-5CB2-44E6-9285-30B36634AD85}.Release|x86.ActiveCfg = Release|Win32
		{A10AB50A-5CB2-44E6-9285-30B36634AD85}.Release|x86.Build.0 = Release|Win32
		{1937A4CB-57A6-4AE7-9D6B-73E59E8E27BE}.Debug|x64.ActiveCfg = Debug|x64
		{1937A4CB-57A6-4AE7-9D6B-73E59E8E27BE}.Debug|x64.Build.0 = Debug|x64
		{1937A4CB-57A6-4AE7-9D6B-73E59E8E27BE}.Debug|x86.ActiveCfg = Debug|Win32
		{1937A4CB-57A6-4AE7-9D6B-73E59E8E27BE}.Debug|x86.Build.0 = Debug|Win32
		{1937A4CB-57A6-4AE7-9D6B-73E59E8E27BE}.Release|x64.ActiveCfg = Release|x64
		{1937A4CB-57A6-4AE7-9D6B-73E59E8E27BE}.Release|x64.Build.0 = Release|x64
		{1937A4CB-57A6-4AE7-9D6B-73E59E8E27BE}.Release|x86.ActiveCfg = Release|Win32
		{1937A4CB-57A6-4AE7-9D6B-73E59E8E27BE}.Release|x86.Build.0 = Release|Win32
	EndGlobalSection
	GlobalSection(SolutionProperties) = preSolution
		HideSolutionNode = FALSE
	EndGlobalSection
	GlobalSection(ExtensibilityGlobals) = postSolution
		SolutionGuid = {475682B2-558E-43CD-8CFE-B159F51AB96A}
	EndGlobalSection
EndGlobal
